{
  "requires": true,
  "lockfileVersion": 1,
  "dependencies": {
    "cra-template-mockbee-video-library": {
      "version": "1.1.0",
      "resolved": "https://registry.npmjs.org/cra-template-mockbee-video-library/-/cra-template-mockbee-video-library-1.1.0.tgz",
      "integrity": "sha512-sdI8ymtDTH6ncLN+IDJH0TqA2zIbPXTweC0XQASJzb/wGa+19arM79H8gz0Btug5woYTUsinkN46nZXwguN9/Q=="
    }
  }
}
